
Microsoft Visual Studio Solution File, Format Version 12.00
# Visual Studio Version 16
VisualStudioVersion = 16.0.30517.126
MinimumVisualStudioVersion = 10.0.40219.1
Project("{9A19103F-16F7-4668-BE54-9A1E7A4F7556}") = "WebApplication1", "WebApplication1\WebApplication1.csproj", "{4D1DA608-042F-4BAC-A012-0676199B20DD}"
EndProject
Global
	GlobalSection(SolutionConfigurationPlatforms) = preSolution
		Debug|Any CPU = Debug|Any CPU
		Release|Any CPU = Release|Any CPU
	EndGlobalSection
	GlobalSection(ProjectConfigurationPlatforms) = postSolution
		{4D1DA608-042F-4BAC-A012-0676199B20DD}.Debug|Any CPU.ActiveCfg = Debug|Any CPU
		{4D1DA608-042F-4BAC-A012-0676199B20DD}.Debug|Any CPU.Build.0 = Debug|Any CPU
		{4D1DA608-042F-4BAC-A012-0676199B20DD}.Release|Any CPU.ActiveCfg = Release|Any CPU
		{4D1DA608-042F-4BAC-A012-0676199B20DD}.Release|Any CPU.Build.0 = Release|Any CPU
	EndGlobalSection
	GlobalSection(SolutionProperties) = preSolution
		HideSolutionNode = FALSE
	EndGlobalSection
	GlobalSection(ExtensibilityGlobals) = postSolution
		SolutionGuid = {F4665F37-E1D2-4892-A5B1-AA4F267AE380}
	EndGlobalSection
EndGlobal
